
Microsoft Visual Studio Solution File, Format Version 12.00
# Visual Studio Version 17
VisualStudioVersion = 17.4.33122.133
MinimumVisualStudioVersion = 10.0.40219.1
Project("{FAE04EC0-301F-11D3-BF4B-00C04F79EFBC}") = "Api", "Api.csproj", "{32FC64AF-FB59-42E7-8519-9B13A879641A}"
EndProject
Global
	GlobalSection(SolutionConfigurationPlatforms) = preSolution
		Debug|Any CPU = Debug|Any CPU
		Release|Any CPU = Release|Any CPU
	EndGlobalSection
	GlobalSection(ProjectConfigurationPlatforms) = postSolution
		{32FC64AF-FB59-42E7-8519-9B13A879641A}.Debug|Any CPU.ActiveCfg = Debug|Any CPU
		{32FC64AF-FB59-42E7-8519-9B13A879641A}.Debug|Any CPU.Build.0 = Debug|Any CPU
		{32FC64AF-FB59-42E7-8519-9B13A879641A}.Release|Any CPU.ActiveCfg = Release|Any CPU
		{32FC64AF-FB59-42E7-8519-9B13A879641A}.Release|Any CPU.Build.0 = Release|Any CPU
	EndGlobalSection
	GlobalSection(SolutionProperties) = preSolution
		HideSolutionNode = FALSE
	EndGlobalSection
	GlobalSection(ExtensibilityGlobals) = postSolution
		SolutionGuid = {373F334E-9F51-406A-B360-DB079E3C61EB}
	EndGlobalSection
EndGlobal
